
Microsoft Visual Studio Solution File, Format Version 12.00
# Visual Studio Version 17
VisualStudioVersion = 17.9.34723.18
MinimumVisualStudioVersion = 10.0.40219.1
Project("{FAE04EC0-301F-11D3-BF4B-00C04F79EFBC}") = "Banco", "Banco\Banco.csproj", "{A6605450-BADC-401C-BD5B-77C42C2C5A72}"
EndProject
Global
	GlobalSection(SolutionConfigurationPlatforms) = preSolution
		Debug|Any CPU = Debug|Any CPU
		Release|Any CPU = Release|Any CPU
	EndGlobalSection
	GlobalSection(ProjectConfigurationPlatforms) = postSolution
		{A6605450-BADC-401C-BD5B-77C42C2C5A72}.Debug|Any CPU.ActiveCfg = Debug|Any CPU
		{A6605450-BADC-401C-BD5B-77C42C2C5A72}.Debug|Any CPU.Build.0 = Debug|Any CPU
		{A6605450-BADC-401C-BD5B-77C42C2C5A72}.Release|Any CPU.ActiveCfg = Release|Any CPU
		{A6605450-BADC-401C-BD5B-77C42C2C5A72}.Release|Any CPU.Build.0 = Release|Any CPU
	EndGlobalSection
	GlobalSection(SolutionProperties) = preSolution
		HideSolutionNode = FALSE
	EndGlobalSection
	GlobalSection(ExtensibilityGlobals) = postSolution
		SolutionGuid = {23A97E1A-57C3-403D-B50C-E40BFB0AC5B2}
	EndGlobalSection
EndGlobal
