
Microsoft Visual Studio Solution File, Format Version 12.00
# Visual Studio Version 17
VisualStudioVersion = 17.9.34728.123
MinimumVisualStudioVersion = 10.0.40219.1
Project("{FAE04EC0-301F-11D3-BF4B-00C04F79EFBC}") = "Problema_5_3", "Problema_5_3\Problema_5_3.csproj", "{0E238C2C-9F86-48CB-BE01-2AAB2EA2A042}"
EndProject
Global
	GlobalSection(SolutionConfigurationPlatforms) = preSolution
		Debug|Any CPU = Debug|Any CPU
		Release|Any CPU = Release|Any CPU
	EndGlobalSection
	GlobalSection(ProjectConfigurationPlatforms) = postSolution
		{0E238C2C-9F86-48CB-BE01-2AAB2EA2A042}.Debug|Any CPU.ActiveCfg = Debug|Any CPU
		{0E238C2C-9F86-48CB-BE01-2AAB2EA2A042}.Debug|Any CPU.Build.0 = Debug|Any CPU
		{0E238C2C-9F86-48CB-BE01-2AAB2EA2A042}.Release|Any CPU.ActiveCfg = Release|Any CPU
		{0E238C2C-9F86-48CB-BE01-2AAB2EA2A042}.Release|Any CPU.Build.0 = Release|Any CPU
	EndGlobalSection
	GlobalSection(SolutionProperties) = preSolution
		HideSolutionNode = FALSE
	EndGlobalSection
	GlobalSection(ExtensibilityGlobals) = postSolution
		SolutionGuid = {7E84C5F8-18D4-45A2-A08E-C82CB9E94CCA}
	EndGlobalSection
EndGlobal
